
Microsoft Visual Studio Solution File, Format Version 12.00
# Visual Studio Version 16
VisualStudioVersion = 16.0.29911.98
MinimumVisualStudioVersion = 10.0.40219.1
Project("{FAE04EC0-301F-11D3-BF4B-00C04F79EFBC}") = "Pericia.Wikidata", "Pericia.Wikidata\Pericia.Wikidata.csproj", "{5770FDAE-0879-4211-B5B7-D6034F44747E}"
EndProject
Global
	GlobalSection(SolutionConfigurationPlatforms) = preSolution
		Debug|Any CPU = Debug|Any CPU
		Release|Any CPU = Release|Any CPU
	EndGlobalSection
	GlobalSection(ProjectConfigurationPlatforms) = postSolution
		{5770FDAE-0879-4211-B5B7-D6034F44747E}.Debug|Any CPU.ActiveCfg = Debug|Any CPU
		{5770FDAE-0879-4211-B5B7-D6034F44747E}.Debug|Any CPU.Build.0 = Debug|Any CPU
		{5770FDAE-0879-4211-B5B7-D6034F44747E}.Release|Any CPU.ActiveCfg = Release|Any CPU
		{5770FDAE-0879-4211-B5B7-D6034F44747E}.Release|Any CPU.Build.0 = Release|Any CPU
	EndGlobalSection
	GlobalSection(SolutionProperties) = preSolution
		HideSolutionNode = FALSE
	EndGlobalSection
	GlobalSection(ExtensibilityGlobals) = postSolution
		SolutionGuid = {3686FFB6-93B7-4F74-9860-2BBEDDA33AEF}
	EndGlobalSection
EndGlobal
